
Microsoft Visual Studio Solution File, Format Version 12.00
# Visual Studio Version 16
VisualStudioVersion = 16.0.30621.155
MinimumVisualStudioVersion = 10.0.40219.1
Project("{FAE04EC0-301F-11D3-BF4B-00C04F79EFBC}") = "UserDatabase", "UserDatabase\UserDatabase.csproj", "{D3A9C319-8FEF-434A-A700-29B00E67087A}"
EndProject
Global
	GlobalSection(SolutionConfigurationPlatforms) = preSolution
		Debug|Any CPU = Debug|Any CPU
		Release|Any CPU = Release|Any CPU
	EndGlobalSection
	GlobalSection(ProjectConfigurationPlatforms) = postSolution
		{D3A9C319-8FEF-434A-A700-29B00E67087A}.Debug|Any CPU.ActiveCfg = Debug|Any CPU
		{D3A9C319-8FEF-434A-A700-29B00E67087A}.Debug|Any CPU.Build.0 = Debug|Any CPU
		{D3A9C319-8FEF-434A-A700-29B00E67087A}.Release|Any CPU.ActiveCfg = Release|Any CPU
		{D3A9C319-8FEF-434A-A700-29B00E67087A}.Release|Any CPU.Build.0 = Release|Any CPU
	EndGlobalSection
	GlobalSection(SolutionProperties) = preSolution
		HideSolutionNode = FALSE
	EndGlobalSection
	GlobalSection(ExtensibilityGlobals) = postSolution
		SolutionGuid = {59588749-63E2-4FD5-8D5E-1DC49F3E37C0}
	EndGlobalSection
EndGlobal
